{
  "name": "PracTecnosylva2020",
  "lockfileVersion": 2,
  "requires": true,
  "packages": {
    "": {
      "dependencies": {
        "leaflet": "^1.7.1"
      }
    },
    "node_modules/bignumber.js": {
      "version": "9.0.0",
      "extraneous": true,
      "license": "MIT",
      "engines": {
        "node": "*"
      }
    },
    "node_modules/core-util-is": {
      "version": "1.0.2",
      "extraneous": true,
      "license": "MIT"
    },
    "node_modules/inherits": {
      "version": "2.0.4",
      "extraneous": true,
      "license": "ISC"
    },
    "node_modules/isarray": {
      "version": "1.0.0",
      "extraneous": true,
      "license": "MIT"
    },
    "node_modules/leaflet": {
      "version": "1.7.1",
      "resolved": "https://registry.npmjs.org/leaflet/-/leaflet-1.7.1.tgz",
      "integrity": "sha512-/xwPEBidtg69Q3HlqPdU3DnrXQOvQU/CCHA1tcDQVzOwm91YMYaILjNp7L4Eaw5Z4sOYdbBz6koWyibppd8Zqw=="
    },
    "node_modules/mysql": {
      "version": "2.18.1",
      "extraneous": true,
      "license": "MIT",
      "dependencies": {
        "bignumber.js": "9.0.0",
        "readable-stream": "2.3.7",
        "safe-buffer": "5.1.2",
        "sqlstring": "2.3.1"
      },
      "engines": {
        "node": ">= 0.6"
      }
    },
    "node_modules/process-nextick-args": {
      "version": "2.0.1",
      "extraneous": true,
      "license": "MIT"
    },
    "node_modules/readable-stream": {
      "version": "2.3.7",
      "extraneous": true,
      "license": "MIT",
      "dependencies": {
        "core-util-is": "~1.0.0",
        "inherits": "~2.0.3",
        "isarray": "~1.0.0",
        "process-nextick-args": "~2.0.0",
        "safe-buffer": "~5.1.1",
        "string_decoder": "~1.1.1",
        "util-deprecate": "~1.0.1"
      }
    },
    "node_modules/safe-buffer": {
      "version": "5.1.2",
      "extraneous": true,
      "license": "MIT"
    },
    "node_modules/sqlstring": {
      "version": "2.3.1",
      "extraneous": true,
      "license": "MIT",
      "engines": {
        "node": ">= 0.6"
      }
    },
    "node_modules/string_decoder": {
      "version": "1.1.1",
      "extraneous": true,
      "license": "MIT",
      "dependencies": {
        "safe-buffer": "~5.1.0"
      }
    },
    "node_modules/util-deprecate": {
      "version": "1.0.2",
      "extraneous": true,
      "license": "MIT"
    }
  },
  "dependencies": {
    "bignumber.js": {
      "version": "9.0.0",
      "extraneous": true
    },
    "core-util-is": {
      "version": "1.0.2",
      "extraneous": true
    },
    "inherits": {
      "version": "2.0.4",
      "extraneous": true
    },
    "isarray": {
      "version": "1.0.0",
      "extraneous": true
    },
    "leaflet": {
      "version": "1.7.1",
      "resolved": "https://registry.npmjs.org/leaflet/-/leaflet-1.7.1.tgz",
      "integrity": "sha512-/xwPEBidtg69Q3HlqPdU3DnrXQOvQU/CCHA1tcDQVzOwm91YMYaILjNp7L4Eaw5Z4sOYdbBz6koWyibppd8Zqw=="
    },
    "mysql": {
      "version": "2.18.1",
      "extraneous": true,
      "requires": {
        "bignumber.js": "9.0.0",
        "readable-stream": "2.3.7",
        "safe-buffer": "5.1.2",
        "sqlstring": "2.3.1"
      }
    },
    "process-nextick-args": {
      "version": "2.0.1",
      "extraneous": true
    },
    "readable-stream": {
      "version": "2.3.7",
      "extraneous": true,
      "requires": {
        "core-util-is": "~1.0.0",
        "inherits": "~2.0.3",
        "isarray": "~1.0.0",
        "process-nextick-args": "~2.0.0",
        "safe-buffer": "~5.1.1",
        "string_decoder": "~1.1.1",
        "util-deprecate": "~1.0.1"
      }
    },
    "safe-buffer": {
      "version": "5.1.2",
      "extraneous": true
    },
    "sqlstring": {
      "version": "2.3.1",
      "extraneous": true
    },
    "string_decoder": {
      "version": "1.1.1",
      "extraneous": true,
      "requires": {
        "safe-buffer": "~5.1.0"
      }
    },
    "util-deprecate": {
      "version": "1.0.2",
      "extraneous": true
    }
  }
}
